
Microsoft Visual Studio Solution File, Format Version 12.00
# Visual Studio Version 17
VisualStudioVersion = 17.3.32929.385
MinimumVisualStudioVersion = 10.0.40219.1
Project("{9A19103F-16F7-4668-BE54-9A1E7A4F7556}") = "BHBackendAPI", "BHBackendAPI\BHBackendAPI.csproj", "{4466F951-022E-4BBD-8CD4-E9D5B5F08511}"
EndProject
Project("{9A19103F-16F7-4668-BE54-9A1E7A4F7556}") = "TranscationsProcessing", "TranscationsProcessing\TranscationsProcessing.csproj", "{C0E14F0B-42DB-4929-9F5B-8674C4B105BF}"
EndProject
Project("{9A19103F-16F7-4668-BE54-9A1E7A4F7556}") = "BHFrontEnd", "BHFrontEnd\BHFrontEnd.csproj", "{644DBD7E-FD5A-4BEA-BB2A-975D35FF043D}"
EndProject
Global
	GlobalSection(SolutionConfigurationPlatforms) = preSolution
		Debug|Any CPU = Debug|Any CPU
		Release|Any CPU = Release|Any CPU
	EndGlobalSection
	GlobalSection(ProjectConfigurationPlatforms) = postSolution
		{4466F951-022E-4BBD-8CD4-E9D5B5F08511}.Debug|Any CPU.ActiveCfg = Debug|Any CPU
		{4466F951-022E-4BBD-8CD4-E9D5B5F08511}.Debug|Any CPU.Build.0 = Debug|Any CPU
		{4466F951-022E-4BBD-8CD4-E9D5B5F08511}.Release|Any CPU.ActiveCfg = Release|Any CPU
		{4466F951-022E-4BBD-8CD4-E9D5B5F08511}.Release|Any CPU.Build.0 = Release|Any CPU
		{C0E14F0B-42DB-4929-9F5B-8674C4B105BF}.Debug|Any CPU.ActiveCfg = Debug|Any CPU
		{C0E14F0B-42DB-4929-9F5B-8674C4B105BF}.Debug|Any CPU.Build.0 = Debug|Any CPU
		{C0E14F0B-42DB-4929-9F5B-8674C4B105BF}.Release|Any CPU.ActiveCfg = Release|Any CPU
		{C0E14F0B-42DB-4929-9F5B-8674C4B105BF}.Release|Any CPU.Build.0 = Release|Any CPU
		{644DBD7E-FD5A-4BEA-BB2A-975D35FF043D}.Debug|Any CPU.ActiveCfg = Debug|Any CPU
		{644DBD7E-FD5A-4BEA-BB2A-975D35FF043D}.Debug|Any CPU.Build.0 = Debug|Any CPU
		{644DBD7E-FD5A-4BEA-BB2A-975D35FF043D}.Release|Any CPU.ActiveCfg = Release|Any CPU
		{644DBD7E-FD5A-4BEA-BB2A-975D35FF043D}.Release|Any CPU.Build.0 = Release|Any CPU
	EndGlobalSection
	GlobalSection(SolutionProperties) = preSolution
		HideSolutionNode = FALSE
	EndGlobalSection
	GlobalSection(ExtensibilityGlobals) = postSolution
		SolutionGuid = {1382451E-7E6C-40C3-ADCD-337B8084710B}
	EndGlobalSection
EndGlobal
